
Microsoft Visual Studio Solution File, Format Version 12.00
# Visual Studio Version 17
VisualStudioVersion = 17.5.33502.453
MinimumVisualStudioVersion = 10.0.40219.1
Project("{FAE04EC0-301F-11D3-BF4B-00C04F79EFBC}") = "vdk240", "vdk240\vdk240.csproj", "{E0892E19-A2A3-4380-90FB-F6261CED089C}"
EndProject
Global
	GlobalSection(SolutionConfigurationPlatforms) = preSolution
		Debug|Any CPU = Debug|Any CPU
		Release|Any CPU = Release|Any CPU
	EndGlobalSection
	GlobalSection(ProjectConfigurationPlatforms) = postSolution
		{E0892E19-A2A3-4380-90FB-F6261CED089C}.Debug|Any CPU.ActiveCfg = Debug|Any CPU
		{E0892E19-A2A3-4380-90FB-F6261CED089C}.Debug|Any CPU.Build.0 = Debug|Any CPU
		{E0892E19-A2A3-4380-90FB-F6261CED089C}.Release|Any CPU.ActiveCfg = Release|Any CPU
		{E0892E19-A2A3-4380-90FB-F6261CED089C}.Release|Any CPU.Build.0 = Release|Any CPU
	EndGlobalSection
	GlobalSection(SolutionProperties) = preSolution
		HideSolutionNode = FALSE
	EndGlobalSection
	GlobalSection(ExtensibilityGlobals) = postSolution
		SolutionGuid = {D7624574-1B0F-4C3D-A357-6053569B9233}
	EndGlobalSection
EndGlobal
